
Microsoft Visual Studio Solution File, Format Version 12.00
# Visual Studio Version 16
VisualStudioVersion = 16.0.32413.511
MinimumVisualStudioVersion = 10.0.40219.1
Project("{9A19103F-16F7-4668-BE54-9A1E7A4F7556}") = "CourseWorkTransport", "CourseWorkTransport.csproj", "{9E2C41CA-4BDE-4688-853E-D1A497A7B85E}"
EndProject
Project("{FAE04EC0-301F-11D3-BF4B-00C04F79EFBC}") = "CourseWork.Data", "..\CourseWork.Data\CourseWork.Data.csproj", "{7726E783-D14A-4758-AF76-E7CBAE3D3772}"
EndProject
Global
	GlobalSection(SolutionConfigurationPlatforms) = preSolution
		Debug|Any CPU = Debug|Any CPU
		Release|Any CPU = Release|Any CPU
	EndGlobalSection
	GlobalSection(ProjectConfigurationPlatforms) = postSolution
		{9E2C41CA-4BDE-4688-853E-D1A497A7B85E}.Debug|Any CPU.ActiveCfg = Debug|Any CPU
		{9E2C41CA-4BDE-4688-853E-D1A497A7B85E}.Debug|Any CPU.Build.0 = Debug|Any CPU
		{9E2C41CA-4BDE-4688-853E-D1A497A7B85E}.Release|Any CPU.ActiveCfg = Release|Any CPU
		{9E2C41CA-4BDE-4688-853E-D1A497A7B85E}.Release|Any CPU.Build.0 = Release|Any CPU
		{7726E783-D14A-4758-AF76-E7CBAE3D3772}.Debug|Any CPU.ActiveCfg = Debug|Any CPU
		{7726E783-D14A-4758-AF76-E7CBAE3D3772}.Debug|Any CPU.Build.0 = Debug|Any CPU
		{7726E783-D14A-4758-AF76-E7CBAE3D3772}.Release|Any CPU.ActiveCfg = Release|Any CPU
		{7726E783-D14A-4758-AF76-E7CBAE3D3772}.Release|Any CPU.Build.0 = Release|Any CPU
	EndGlobalSection
	GlobalSection(SolutionProperties) = preSolution
		HideSolutionNode = FALSE
	EndGlobalSection
	GlobalSection(ExtensibilityGlobals) = postSolution
		SolutionGuid = {54C5C786-081B-4A2C-8AB0-92595364DE12}
	EndGlobalSection
EndGlobal
